
Microsoft Visual Studio Solution File, Format Version 12.00
# Visual Studio Version 17
VisualStudioVersion = 17.14.36203.30 d17.14
MinimumVisualStudioVersion = 10.0.40219.1
Project("{888888A0-9F3D-457C-B088-3A5042F75D52}") = "Files", "Files\Files.pyproj", "{9DF75A6F-6FDA-411D-ABBB-525238DBBB99}"
EndProject
Global
	GlobalSection(SolutionConfigurationPlatforms) = preSolution
		Debug|Any CPU = Debug|Any CPU
		Release|Any CPU = Release|Any CPU
	EndGlobalSection
	GlobalSection(ProjectConfigurationPlatforms) = postSolution
		{9DF75A6F-6FDA-411D-ABBB-525238DBBB99}.Debug|Any CPU.ActiveCfg = Debug|Any CPU
		{9DF75A6F-6FDA-411D-ABBB-525238DBBB99}.Release|Any CPU.ActiveCfg = Release|Any CPU
	EndGlobalSection
	GlobalSection(SolutionProperties) = preSolution
		HideSolutionNode = FALSE
	EndGlobalSection
	GlobalSection(ExtensibilityGlobals) = postSolution
		SolutionGuid = {E63168E6-0916-428B-A7FF-79602AD717EE}
	EndGlobalSection
EndGlobal
